// !$*UTF8*$!
{
	archiveVersion = 1;
	classes = {
	};
	objectVersion = 48;
	objects = {

/* Begin PBXBuildFile section */
		A990718A1FF7A9D100A54818 /* AppDelegate.m in Sources */ = {isa = PBXBuildFile; fileRef = A99071891FF7A9D100A54818 /* AppDelegate.m */; };
		A990718D1FF7A9D100A54818 /* ViewController.m in Sources */ = {isa = PBXBuildFile; fileRef = A990718C1FF7A9D100A54818 /* ViewController.m */; };
		A99071901FF7A9D100A54818 /* Main.storyboard in Resources */ = {isa = PBXBuildFile; fileRef = A990718E1FF7A9D100A54818 /* Main.storyboard */; };
		A99071921FF7A9D100A54818 /* Assets.xcassets in Resources */ = {isa = PBXBuildFile; fileRef = A99071911FF7A9D100A54818 /* Assets.xcassets */; };
		A99071951FF7A9D100A54818 /* LaunchScreen.storyboard in Resources */ = {isa = PBXBuildFile; fileRef = A99071931FF7A9D100A54818 /* LaunchScreen.storyboard */; };
		A99071981FF7A9D100A54818 /* main.m in Sources */ = {isa = PBXBuildFile; fileRef = A99071971FF7A9D100A54818 /* main.m */; };
		A99071A01FF7AA8900A54818 /* UIImage+__Category.m in Sources */ = {isa = PBXBuildFile; fileRef = A990719E1FF7AA8800A54818 /* UIImage+__Category.m */; };
/* End PBXBuildFile section */

/* Begin PBXFileReference section */
		A99071851FF7A9D100A54818 /* Nine_Point_Image.app */ = {isa = PBXFileReference; explicitFileType = wrapper.application; includeInIndex = 0; path = Nine_Point_Image.app; sourceTree = BUILT_PRODUCTS_DIR; };
		A99071881FF7A9D100A54818 /* AppDelegate.h */ = {isa = PBXFileReference; lastKnownFileType = sourcecode.c.h; path = AppDelegate.h; sourceTree = "<group>"; };
		A99071891FF7A9D100A54818 /* AppDelegate.m */ = {isa = PBXFileReference; lastKnownFileType = sourcecode.c.objc; path = AppDelegate.m; sourceTree = "<group>"; };
		A990718B1FF7A9D100A54818 /* ViewController.h */ = {isa = PBXFileReference; lastKnownFileType = sourcecode.c.h; path = ViewController.h; sourceTree = "<group>"; };
		A990718C1FF7A9D100A54818 /* ViewController.m */ = {isa = PBXFileReference; lastKnownFileType = sourcecode.c.objc; path = ViewController.m; sourceTree = "<group>"; };
		A990718F1FF7A9D100A54818 /* Base */ = {isa = PBXFileReference; lastKnownFileType = file.storyboard; name = Base; path = Base.lproj/Main.storyboard; sourceTree = "<group>"; };
		A99071911FF7A9D100A54818 /* Assets.xcassets */ = {isa = PBXFileReference; lastKnownFileType = folder.assetcatalog; path = Assets.xcassets; sourceTree = "<group>"; };
		A99071941FF7A9D100A54818 /* Base */ = {isa = PBXFileReference; lastKnownFileType = file.storyboard; name = Base; path = Base.lproj/LaunchScreen.storyboard; sourceTree = "<group>"; };
		A99071961FF7A9D100A54818 /* Info.plist */ = {isa = PBXFileReference; lastKnownFileType = text.plist.xml; path = Info.plist; sourceTree = "<group>"; };
		A99071971FF7A9D100A54818 /* main.m */ = {isa = PBXFileReference; lastKnownFileType = sourcecode.c.objc; path = main.m; sourceTree = "<group>"; };
		A990719E1FF7AA8800A54818 /* UIImage+__Category.m */ = {isa = PBXFileReference; fileEncoding = 4; lastKnownFileType = sourcecode.c.objc; path = "UIImage+__Category.m"; sourceTree = "<group>"; };
		A990719F1FF7AA8800A54818 /* UIImage+__Category.h */ = {isa = PBXFileReference; fileEncoding = 4; lastKnownFileType = sourcecode.c.h; path = "UIImage+__Category.h"; sourceTree = "<group>"; };
/* End PBXFileReference section */

/* Begin PBXFrameworksBuildPhase section */
		A99071821FF7A9D100A54818 /* Frameworks */ = {
			isa = PBXFrameworksBuildPhase;
			buildActionMask = 2147483647;
			files = (
			);
			runOnlyForDeploymentPostprocessing = 0;
		};
/* End PBXFrameworksBuildPhase section */

/* Begin PBXGroup section */
		A990717C1FF7A9D100A54818 = {
			isa = PBXGroup;
			children = (
				A99071871FF7A9D100A54818 /* Nine_Point_Image */,
				A99071861FF7A9D100A54818 /* Products */,
			);
			sourceTree = "<group>";
		};
		A99071861FF7A9D100A54818 /* Products */ = {
			isa = PBXGroup;
			children = (
				A99071851FF7A9D100A54818 /* Nine_Point_Image.app */,
			);
			name = Products;
			sourceTree = "<group>";
		};
		A99071871FF7A9D100A54818 /* Nine_Point_Image */ = {
			isa = PBXGroup;
			children = (
				A99071881FF7A9D100A54818 /* AppDelegate.h */,
				A99071891FF7A9D100A54818 /* AppDelegate.m */,
				A990718B1FF7A9D100A54818 /* ViewController.h */,
				A990718C1FF7A9D100A54818 /* ViewController.m */,
				A99071A11FF7AC0500A54818 /* UIImage+__Category */,
				A990718E1FF7A9D100A54818 /* Main.storyboard */,
				A99071911FF7A9D100A54818 /* Assets.xcassets */,
				A99071931FF7A9D100A54818 /* LaunchScreen.storyboard */,
				A99071961FF7A9D100A54818 /* Info.plist */,
				A99071971FF7A9D100A54818 /* main.m */,
			);
			path = Nine_Point_Image;
			sourceTree = "<group>";
		};
		A99071A11FF7AC0500A54818 /* UIImage+__Category */ = {
			isa = PBXGroup;
			children = (
				A990719F1FF7AA8800A54818 /* UIImage+__Category.h */,
				A990719E1FF7AA8800A54818 /* UIImage+__Category.m */,
			);
			path = "UIImage+__Category";
			sourceTree = "<group>";
		};
/* End PBXGroup section */

/* Begin PBXNativeTarget section */
		A99071841FF7A9D100A54818 /* Nine_Point_Image */ = {
			isa = PBXNativeTarget;
			buildConfigurationList = A990719B1FF7A9D100A54818 /* Build configuration list for PBXNativeTarget "Nine_Point_Image" */;
			buildPhases = (
				A99071811FF7A9D100A54818 /* Sources */,
				A99071821FF7A9D100A54818 /* Frameworks */,
				A99071831FF7A9D100A54818 /* Resources */,
			);
			buildRules = (
			);
			dependencies = (
			);
			name = Nine_Point_Image;
			productName = Nine_Point_Image;
			productReference = A99071851FF7A9D100A54818 /* Nine_Point_Image.app */;
			productType = "com.apple.product-type.application";
		};
/* End PBXNativeTarget section */

/* Begin PBXProject section */
		A990717D1FF7A9D100A54818 /* Project object */ = {
			isa = PBXProject;
			attributes = {
				LastUpgradeCheck = 0920;
				ORGANIZATIONNAME = "Ken lu";
				TargetAttributes = {
					A99071841FF7A9D100A54818 = {
						CreatedOnToolsVersion = 9.2;
						ProvisioningStyle = Automatic;
					};
				};
			};
			buildConfigurationList = A99071801FF7A9D100A54818 /* Build configuration list for PBXProject "Nine_Point_Image" */;
			compatibilityVersion = "Xcode 8.0";
			developmentRegion = en;
			hasScannedForEncodings = 0;
			knownRegions = (
				en,
				Base,
			);
			mainGroup = A990717C1FF7A9D100A54818;
			productRefGroup = A99071861FF7A9D100A54818 /* Products */;
			projectDirPath = "";
			projectRoot = "";
			targets = (
				A99071841FF7A9D100A54818 /* Nine_Point_Image */,
			);
		};
/* End PBXProject section */

/* Begin PBXResourcesBuildPhase section */
		A99071831FF7A9D100A54818 /* Resources */ = {
			isa = PBXResourcesBuildPhase;
			buildActionMask = 2147483647;
			files = (
				A99071951FF7A9D100A54818 /* LaunchScreen.storyboard in Resources */,
				A99071921FF7A9D100A54818 /* Assets.xcassets in Resources */,
				A99071901FF7A9D100A54818 /* Main.storyboard in Resources */,
			);
			runOnlyForDeploymentPostprocessing = 0;
		};
/* End PBXResourcesBuildPhase section */

/* Begin PBXSourcesBuildPhase section */
		A99071811FF7A9D100A54818 /* Sources */ = {
			isa = PBXSourcesBuildPhase;
			buildActionMask = 2147483647;
			files = (
				A990718D1FF7A9D100A54818 /* ViewController.m in Sources */,
				A99071981FF7A9D100A54818 /* main.m in Sources */,
				A990718A1FF7A9D100A54818 /* AppDelegate.m in Sources */,
				A99071A01FF7AA8900A54818 /* UIImage+__Category.m in Sources */,
			);
			runOnlyForDeploymentPostprocessing = 0;
		};
/* End PBXSourcesBuildPhase section */

/* Begin PBXVariantGroup section */
		A990718E1FF7A9D100A54818 /* Main.storyboard */ = {
			isa = PBXVariantGroup;
			children = (
				A990718F1FF7A9D100A54818 /* Base */,
			);
			name = Main.storyboard;
			sourceTree = "<group>";
		};
		A99071931FF7A9D100A54818 /* LaunchScreen.storyboard */ = {
			isa = PBXVariantGroup;
			children = (
				A99071941FF7A9D100A54818 /* Base */,
			);
			name = LaunchScreen.storyboard;
			sourceTree = "<group>";
		};
/* End PBXVariantGroup section */

/* Begin XCBuildConfiguration section */
		A99071991FF7A9D100A54818 /* Debug */ = {
			isa = XCBuildConfiguration;
			buildSettings = {
				ALWAYS_SEARCH_USER_PATHS = NO;
				CLANG_ANALYZER_NONNULL = YES;
				CLANG_ANALYZER_NUMBER_OBJECT_CONVERSION = YES_AGGRESSIVE;
				CLANG_CXX_LANGUAGE_STANDARD = "gnu++14";
				CLANG_CXX_LIBRARY = "libc++";
				CLANG_ENABLE_MODULES = YES;
				CLANG_ENABLE_OBJC_ARC = YES;
				CLANG_WARN_BLOCK_CAPTURE_AUTORELEASING = YES;
				CLANG_WARN_BOOL_CONVERSION = YES;
				CLANG_WARN_COMMA = YES;
				CLANG_WARN_CONSTANT_CONVERSION = YES;
				CLANG_WARN_DIRECT_OBJC_ISA_USAGE = YES_ERROR;
				CLANG_WARN_DOCUMENTATION_COMMENTS = YES;
				CLANG_WARN_EMPTY_BODY = YES;
				CLANG_WARN_ENUM_CONVERSION = YES;
				CLANG_WARN_INFINITE_RECURSION = YES;
				CLANG_WARN_INT_CONVERSION = YES;
				CLANG_WARN_NON_LITERAL_NULL_CONVERSION = YES;
				CLANG_WARN_OBJC_LITERAL_CONVERSION = YES;
				CLANG_WARN_OBJC_ROOT_CLASS = YES_ERROR;
				CLANG_WARN_RANGE_LOOP_ANALYSIS = YES;
				CLANG_WARN_STRICT_PROTOTYPES = YES;
				CLANG_WARN_SUSPICIOUS_MOVE = YES;
				CLANG_WARN_UNGUARDED_AVAILABILITY = YES_AGGRESSIVE;
				CLANG_WARN_UNREACHABLE_CODE = YES;
				CLANG_WARN__DUPLICATE_METHOD_MATCH = YES;
				CODE_SIGN_IDENTITY = "iPhone Developer";
				COPY_PHASE_STRIP = NO;
				DEBUG_INFORMATION_FORMAT = dwarf;
				ENABLE_STRICT_OBJC_MSGSEND = YES;
				ENABLE_TESTABILITY = YES;
				GCC_C_LANGUAGE_STANDARD = gnu11;
				GCC_DYNAMIC_NO_PIC = NO;
				GCC_NO_COMMON_BLOCKS = YES;
				GCC_OPTIMIZATION_LEVEL = 0;
				GCC_PREPROCESSOR_DEFINITIONS = (
					"DEBUG=1",
					"$(inherited)",
				);
				GCC_WARN_64_TO_32_BIT_CONVERSION = YES;
				GCC_WARN_ABOUT_RETURN_TYPE = YES_ERROR;
				GCC_WARN_UNDECLARED_SELECTOR = YES;
				GCC_WARN_UNINITIALIZED_AUTOS = YES_AGGRESSIVE;
				GCC_WARN_UNUSED_FUNCTION = YES;
				GCC_WARN_UNUSED_VARIABLE = YES;
				IPHONEOS_DEPLOYMENT_TARGET = 11.2;
				MTL_ENABLE_DEBUG_INFO = YES;
				ONLY_ACTIVE_ARCH = YES;
				SDKROOT = iphoneos;
			};
			name = Debug;
		};
		A990719A1FF7A9D100A54818 /* Release */ = {
			isa = XCBuildConfiguration;
			buildSettings = {
				ALWAYS_SEARCH_USER_PATHS = NO;
				CLANG_ANALYZER_NONNULL = YES;
				CLANG_ANALYZER_NUMBER_OBJECT_CONVERSION = YES_AGGRESSIVE;
				CLANG_CXX_LANGUAGE_STANDARD = "gnu++14";
				CLANG_CXX_LIBRARY = "libc++";
				CLANG_ENABLE_MODULES = YES;
				CLANG_ENABLE_OBJC_ARC = YES;
				CLANG_WARN_BLOCK_CAPTURE_AUTORELEASING = YES;
				CLANG_WARN_BOOL_CONVERSION = YES;
				CLANG_WARN_COMMA = YES;
				CLANG_WARN_CONSTANT_CONVERSION = YES;
				CLANG_WARN_DIRECT_OBJC_ISA_USAGE = YES_ERROR;
				CLANG_WARN_DOCUMENTATION_COMMENTS = YES;
				CLANG_WARN_EMPTY_BODY = YES;
				CLANG_WARN_ENUM_CONVERSION = YES;
				CLANG_WARN_INFINITE_RECURSION = YES;
				CLANG_WARN_INT_CONVERSION = YES;
				CLANG_WARN_NON_LITERAL_NULL_CONVERSION = YES;
				CLANG_WARN_OBJC_LITERAL_CONVERSION = YES;
				CLANG_WARN_OBJC_ROOT_CLASS = YES_ERROR;
				CLANG_WARN_RANGE_LOOP_ANALYSIS = YES;
				CLANG_WARN_STRICT_PROTOTYPES = YES;
				CLANG_WARN_SUSPICIOUS_MOVE = YES;
				CLANG_WARN_UNGUARDED_AVAILABILITY = YES_AGGRESSIVE;
				CLANG_WARN_UNREACHABLE_CODE = YES;
				CLANG_WARN__DUPLICATE_METHOD_MATCH = YES;
				CODE_SIGN_IDENTITY = "iPhone Developer";
				COPY_PHASE_STRIP = NO;
				DEBUG_INFORMATION_FORMAT = "dwarf-with-dsym";
				ENABLE_NS_ASSERTIONS = NO;
				ENABLE_STRICT_OBJC_MSGSEND = YES;
				GCC_C_LANGUAGE_STANDARD = gnu11;
				GCC_NO_COMMON_BLOCKS = YES;
				GCC_WARN_64_TO_32_BIT_CONVERSION = YES;
				GCC_WARN_ABOUT_RETURN_TYPE = YES_ERROR;
				GCC_WARN_UNDECLARED_SELECTOR = YES;
				GCC_WARN_UNINITIALIZED_AUTOS = YES_AGGRESSIVE;
				GCC_WARN_UNUSED_FUNCTION = YES;
				GCC_WARN_UNUSED_VARIABLE = YES;
				IPHONEOS_DEPLOYMENT_TARGET = 11.2;
				MTL_ENABLE_DEBUG_INFO = NO;
				SDKROOT = iphoneos;
				VALIDATE_PRODUCT = YES;
			};
			name = Release;
		};
		A990719C1FF7A9D100A54818 /* Debug */ = {
			isa = XCBuildConfiguration;
			buildSettings = {
				ASSETCATALOG_COMPILER_APPICON_NAME = AppIcon;
				CODE_SIGN_STYLE = Automatic;
				INFOPLIST_FILE = Nine_Point_Image/Info.plist;
				LD_RUNPATH_SEARCH_PATHS = "$(inherited) @executable_path/Frameworks";
				PRODUCT_BUNDLE_IDENTIFIER = "Ken-lu.Nine-Point-Image";
				PRODUCT_NAME = "$(TARGET_NAME)";
				TARGETED_DEVICE_FAMILY = "1,2";
			};
			name = Debug;
		};
		A990719D1FF7A9D100A54818 /* Release */ = {
			isa = XCBuildConfiguration;
			buildSettings = {
				ASSETCATALOG_COMPILER_APPICON_NAME = AppIcon;
				CODE_SIGN_STYLE = Automatic;
				INFOPLIST_FILE = Nine_Point_Image/Info.plist;
				LD_RUNPATH_SEARCH_PATHS = "$(inherited) @executable_path/Frameworks";
				PRODUCT_BUNDLE_IDENTIFIER = "Ken-lu.Nine-Point-Image";
				PRODUCT_NAME = "$(TARGET_NAME)";
				TARGETED_DEVICE_FAMILY = "1,2";
			};
			name = Release;
		};
/* End XCBuildConfiguration section */

/* Begin XCConfigurationList section */
		A99071801FF7A9D100A54818 /* Build configuration list for PBXProject "Nine_Point_Image" */ = {
			isa = XCConfigurationList;
			buildConfigurations = (
				A99071991FF7A9D100A54818 /* Debug */,
				A990719A1FF7A9D100A54818 /* Release */,
			);
			defaultConfigurationIsVisible = 0;
			defaultConfigurationName = Release;
		};
		A990719B1FF7A9D100A54818 /* Build configuration list for PBXNativeTarget "Nine_Point_Image" */ = {
			isa = XCConfigurationList;
			buildConfigurations = (
				A990719C1FF7A9D100A54818 /* Debug */,
				A990719D1FF7A9D100A54818 /* Release */,
			);
			defaultConfigurationIsVisible = 0;
			defaultConfigurationName = Release;
		};
/* End XCConfigurationList section */
	};
	rootObject = A990717D1FF7A9D100A54818 /* Project object */;
}
